
Microsoft Visual Studio Solution File, Format Version 12.00
# Visual Studio Version 17
VisualStudioVersion = 17.10.35027.167
MinimumVisualStudioVersion = 10.0.40219.1
Project("{9A19103F-16F7-4668-BE54-9A1E7A4F7556}") = "LanchoneteApi", "LanchoneteApi\LanchoneteApi.csproj", "{41047F06-61A0-4CB5-96D6-0046587541FA}"
EndProject
Project("{2150E333-8FDC-42A3-9474-1A3956D46DE8}") = "src", "src", "{E30D37ED-059F-419F-A882-9CC4F1C35DBE}"
EndProject
Project("{2150E333-8FDC-42A3-9474-1A3956D46DE8}") = "core", "core", "{F07785D1-CA7F-40FA-8F3A-654A92B17FB8}"
EndProject
Project("{2150E333-8FDC-42A3-9474-1A3956D46DE8}") = "testes", "testes", "{687E7C95-BC4F-4C07-80AA-3BCFE799F793}"
EndProject
Project("{2150E333-8FDC-42A3-9474-1A3956D46DE8}") = "web", "web", "{5A0363FE-1BED-4432-B2CF-B5EC2585DB2E}"
EndProject
Project("{9A19103F-16F7-4668-BE54-9A1E7A4F7556}") = "Lanchonete.Infrastructure", "infra\Lanchonete.Infrastructure.csproj", "{4E0E0BD8-00DF-4C63-BEBD-F9F6767ECCD0}"
EndProject
Project("{9A19103F-16F7-4668-BE54-9A1E7A4F7556}") = "Application.Tests", "Application.Tests\Application.Tests.csproj", "{C4B6028B-6296-4B47-A6B1-56E7294838A8}"
EndProject
Project("{9A19103F-16F7-4668-BE54-9A1E7A4F7556}") = "Domain.Tests", "Domain.Tests\Domain.Tests.csproj", "{7CE1429B-9AFE-4A21-AD27-070F6958ECA6}"
EndProject
Project("{9A19103F-16F7-4668-BE54-9A1E7A4F7556}") = "Application", "Application\Application.csproj", "{1FC5DB01-271D-43E4-95C2-F538888CE74E}"
EndProject
Project("{9A19103F-16F7-4668-BE54-9A1E7A4F7556}") = "Domain", "Dominio\Domain.csproj", "{7F458B80-0AD9-4553-88F3-4DB251EA7E60}"
EndProject
Project("{9A19103F-16F7-4668-BE54-9A1E7A4F7556}") = "Infra.Tests", "Infra.Tests\Infra.Tests.csproj", "{8631755B-9543-4C1D-9D89-A735531D0509}"
EndProject
Project("{E53339B2-1760-4266-BCC7-CA923CBCF16C}") = "docker-compose", "docker-compose.dcproj", "{692CA5B8-8246-4840-8E92-44AE2B9035FF}"
EndProject
Project("{2150E333-8FDC-42A3-9474-1A3956D46DE8}") = "infrastructure", "infrastructure", "{9AC0BB77-BCE8-4093-A0A4-764E3BD51C79}"
EndProject
Project("{2150E333-8FDC-42A3-9474-1A3956D46DE8}") = "Solution Items", "Solution Items", "{E343E22B-4519-4B56-9444-17C7D6B89AC3}"
EndProject
Project("{2150E333-8FDC-42A3-9474-1A3956D46DE8}") = "k8s", "k8s", "{3AC7049B-0831-4646-A417-72D51C86394C}"
EndProject
Project("{2150E333-8FDC-42A3-9474-1A3956D46DE8}") = "db", "db", "{74B4681C-79C0-434C-86DE-09A66DC87E0C}"
	ProjectSection(SolutionItems) = preProject
		postgres-deployment.yaml = postgres-deployment.yaml
		postgres-pvc.yaml = postgres-pvc.yaml
		postgres-service.yaml = postgres-service.yaml
	EndProjectSection
EndProject
Project("{2150E333-8FDC-42A3-9474-1A3956D46DE8}") = "api", "api", "{F229092A-97A8-4CEB-BADF-21640239BD74}"
	ProjectSection(SolutionItems) = preProject
		lanchoneteapi-deployment.yaml = lanchoneteapi-deployment.yaml
		lanchoneteapi-hpa.yaml = lanchoneteapi-hpa.yaml
		lanchoneteapi-service.yaml = lanchoneteapi-service.yaml
		metrics.yaml = metrics.yaml
	EndProjectSection
EndProject
Global
	GlobalSection(SolutionConfigurationPlatforms) = preSolution
		Debug|Any CPU = Debug|Any CPU
		Release|Any CPU = Release|Any CPU
	EndGlobalSection
	GlobalSection(ProjectConfigurationPlatforms) = postSolution
		{41047F06-61A0-4CB5-96D6-0046587541FA}.Debug|Any CPU.ActiveCfg = Debug|Any CPU
		{41047F06-61A0-4CB5-96D6-0046587541FA}.Debug|Any CPU.Build.0 = Debug|Any CPU
		{41047F06-61A0-4CB5-96D6-0046587541FA}.Release|Any CPU.ActiveCfg = Release|Any CPU
		{41047F06-61A0-4CB5-96D6-0046587541FA}.Release|Any CPU.Build.0 = Release|Any CPU
		{4E0E0BD8-00DF-4C63-BEBD-F9F6767ECCD0}.Debug|Any CPU.ActiveCfg = Debug|Any CPU
		{4E0E0BD8-00DF-4C63-BEBD-F9F6767ECCD0}.Debug|Any CPU.Build.0 = Debug|Any CPU
		{4E0E0BD8-00DF-4C63-BEBD-F9F6767ECCD0}.Release|Any CPU.ActiveCfg = Release|Any CPU
		{4E0E0BD8-00DF-4C63-BEBD-F9F6767ECCD0}.Release|Any CPU.Build.0 = Release|Any CPU
		{C4B6028B-6296-4B47-A6B1-56E7294838A8}.Debug|Any CPU.ActiveCfg = Debug|Any CPU
		{C4B6028B-6296-4B47-A6B1-56E7294838A8}.Debug|Any CPU.Build.0 = Debug|Any CPU
		{C4B6028B-6296-4B47-A6B1-56E7294838A8}.Release|Any CPU.ActiveCfg = Release|Any CPU
		{C4B6028B-6296-4B47-A6B1-56E7294838A8}.Release|Any CPU.Build.0 = Release|Any CPU
		{7CE1429B-9AFE-4A21-AD27-070F6958ECA6}.Debug|Any CPU.ActiveCfg = Debug|Any CPU
		{7CE1429B-9AFE-4A21-AD27-070F6958ECA6}.Debug|Any CPU.Build.0 = Debug|Any CPU
		{7CE1429B-9AFE-4A21-AD27-070F6958ECA6}.Release|Any CPU.ActiveCfg = Release|Any CPU
		{7CE1429B-9AFE-4A21-AD27-070F6958ECA6}.Release|Any CPU.Build.0 = Release|Any CPU
		{1FC5DB01-271D-43E4-95C2-F538888CE74E}.Debug|Any CPU.ActiveCfg = Debug|Any CPU
		{1FC5DB01-271D-43E4-95C2-F538888CE74E}.Debug|Any CPU.Build.0 = Debug|Any CPU
		{1FC5DB01-271D-43E4-95C2-F538888CE74E}.Release|Any CPU.ActiveCfg = Release|Any CPU
		{1FC5DB01-271D-43E4-95C2-F538888CE74E}.Release|Any CPU.Build.0 = Release|Any CPU
		{7F458B80-0AD9-4553-88F3-4DB251EA7E60}.Debug|Any CPU.ActiveCfg = Debug|Any CPU
		{7F458B80-0AD9-4553-88F3-4DB251EA7E60}.Debug|Any CPU.Build.0 = Debug|Any CPU
		{7F458B80-0AD9-4553-88F3-4DB251EA7E60}.Release|Any CPU.ActiveCfg = Release|Any CPU
		{7F458B80-0AD9-4553-88F3-4DB251EA7E60}.Release|Any CPU.Build.0 = Release|Any CPU
		{8631755B-9543-4C1D-9D89-A735531D0509}.Debug|Any CPU.ActiveCfg = Debug|Any CPU
		{8631755B-9543-4C1D-9D89-A735531D0509}.Debug|Any CPU.Build.0 = Debug|Any CPU
		{8631755B-9543-4C1D-9D89-A735531D0509}.Release|Any CPU.ActiveCfg = Release|Any CPU
		{8631755B-9543-4C1D-9D89-A735531D0509}.Release|Any CPU.Build.0 = Release|Any CPU
		{692CA5B8-8246-4840-8E92-44AE2B9035FF}.Debug|Any CPU.ActiveCfg = Debug|Any CPU
		{692CA5B8-8246-4840-8E92-44AE2B9035FF}.Debug|Any CPU.Build.0 = Debug|Any CPU
		{692CA5B8-8246-4840-8E92-44AE2B9035FF}.Release|Any CPU.ActiveCfg = Release|Any CPU
		{692CA5B8-8246-4840-8E92-44AE2B9035FF}.Release|Any CPU.Build.0 = Release|Any CPU
	EndGlobalSection
	GlobalSection(SolutionProperties) = preSolution
		HideSolutionNode = FALSE
	EndGlobalSection
	GlobalSection(NestedProjects) = preSolution
		{41047F06-61A0-4CB5-96D6-0046587541FA} = {5A0363FE-1BED-4432-B2CF-B5EC2585DB2E}
		{F07785D1-CA7F-40FA-8F3A-654A92B17FB8} = {E30D37ED-059F-419F-A882-9CC4F1C35DBE}
		{5A0363FE-1BED-4432-B2CF-B5EC2585DB2E} = {E30D37ED-059F-419F-A882-9CC4F1C35DBE}
		{4E0E0BD8-00DF-4C63-BEBD-F9F6767ECCD0} = {9AC0BB77-BCE8-4093-A0A4-764E3BD51C79}
		{C4B6028B-6296-4B47-A6B1-56E7294838A8} = {687E7C95-BC4F-4C07-80AA-3BCFE799F793}
		{7CE1429B-9AFE-4A21-AD27-070F6958ECA6} = {687E7C95-BC4F-4C07-80AA-3BCFE799F793}
		{1FC5DB01-271D-43E4-95C2-F538888CE74E} = {F07785D1-CA7F-40FA-8F3A-654A92B17FB8}
		{7F458B80-0AD9-4553-88F3-4DB251EA7E60} = {F07785D1-CA7F-40FA-8F3A-654A92B17FB8}
		{8631755B-9543-4C1D-9D89-A735531D0509} = {687E7C95-BC4F-4C07-80AA-3BCFE799F793}
		{9AC0BB77-BCE8-4093-A0A4-764E3BD51C79} = {E30D37ED-059F-419F-A882-9CC4F1C35DBE}
		{74B4681C-79C0-434C-86DE-09A66DC87E0C} = {3AC7049B-0831-4646-A417-72D51C86394C}
		{F229092A-97A8-4CEB-BADF-21640239BD74} = {3AC7049B-0831-4646-A417-72D51C86394C}
	EndGlobalSection
	GlobalSection(ExtensibilityGlobals) = postSolution
		SolutionGuid = {ED9FC847-ABE3-425B-B42C-0E61D562F8BC}
	EndGlobalSection
EndGlobal
